
Microsoft Visual Studio Solution File, Format Version 12.00
# Visual Studio Version 16
VisualStudioVersion = 16.0.29403.142
MinimumVisualStudioVersion = 10.0.40219.1
Project("{FAE04EC0-301F-11D3-BF4B-00C04F79EFBC}") = "WindowsFormsApp1", "WindowsFormsApp1\WindowsFormsApp1.csproj", "{0B6403DD-201E-4420-BE2C-4D14FFAA61CF}"
EndProject
Project("{00D1A9C2-B5F0-4AF3-8072-F6C62B433612}") = "Test", "Test\Test.sqlproj", "{5D7020EB-2AFF-4AEC-8295-51BAB1AC98D0}"
EndProject
Global
	GlobalSection(SolutionConfigurationPlatforms) = preSolution
		Debug|Any CPU = Debug|Any CPU
		Release|Any CPU = Release|Any CPU
	EndGlobalSection
	GlobalSection(ProjectConfigurationPlatforms) = postSolution
		{0B6403DD-201E-4420-BE2C-4D14FFAA61CF}.Debug|Any CPU.ActiveCfg = Debug|Any CPU
		{0B6403DD-201E-4420-BE2C-4D14FFAA61CF}.Debug|Any CPU.Build.0 = Debug|Any CPU
		{0B6403DD-201E-4420-BE2C-4D14FFAA61CF}.Release|Any CPU.ActiveCfg = Release|Any CPU
		{0B6403DD-201E-4420-BE2C-4D14FFAA61CF}.Release|Any CPU.Build.0 = Release|Any CPU
		{5D7020EB-2AFF-4AEC-8295-51BAB1AC98D0}.Debug|Any CPU.ActiveCfg = Debug|Any CPU
		{5D7020EB-2AFF-4AEC-8295-51BAB1AC98D0}.Debug|Any CPU.Build.0 = Debug|Any CPU
		{5D7020EB-2AFF-4AEC-8295-51BAB1AC98D0}.Debug|Any CPU.Deploy.0 = Debug|Any CPU
		{5D7020EB-2AFF-4AEC-8295-51BAB1AC98D0}.Release|Any CPU.ActiveCfg = Release|Any CPU
		{5D7020EB-2AFF-4AEC-8295-51BAB1AC98D0}.Release|Any CPU.Build.0 = Release|Any CPU
		{5D7020EB-2AFF-4AEC-8295-51BAB1AC98D0}.Release|Any CPU.Deploy.0 = Release|Any CPU
	EndGlobalSection
	GlobalSection(SolutionProperties) = preSolution
		HideSolutionNode = FALSE
	EndGlobalSection
	GlobalSection(ExtensibilityGlobals) = postSolution
		SolutionGuid = {2D743669-4AB2-4ECE-92A3-A594EC81DC9C}
	EndGlobalSection
EndGlobal
